
Microsoft Visual Studio Solution File, Format Version 12.00
# Visual Studio Version 17
VisualStudioVersion = 17.6.33829.357
MinimumVisualStudioVersion = 10.0.40219.1
Project("{FAE04EC0-301F-11D3-BF4B-00C04F79EFBC}") = "ReactDonationApplication", "ReactDonationApplication\ReactDonationApplication.csproj", "{3399E907-7813-4FF9-A3FD-52D6E39C3483}"
EndProject
Global
	GlobalSection(SolutionConfigurationPlatforms) = preSolution
		Debug|Any CPU = Debug|Any CPU
		Release|Any CPU = Release|Any CPU
	EndGlobalSection
	GlobalSection(ProjectConfigurationPlatforms) = postSolution
		{3399E907-7813-4FF9-A3FD-52D6E39C3483}.Debug|Any CPU.ActiveCfg = Debug|Any CPU
		{3399E907-7813-4FF9-A3FD-52D6E39C3483}.Debug|Any CPU.Build.0 = Debug|Any CPU
		{3399E907-7813-4FF9-A3FD-52D6E39C3483}.Release|Any CPU.ActiveCfg = Release|Any CPU
		{3399E907-7813-4FF9-A3FD-52D6E39C3483}.Release|Any CPU.Build.0 = Release|Any CPU
	EndGlobalSection
	GlobalSection(SolutionProperties) = preSolution
		HideSolutionNode = FALSE
	EndGlobalSection
	GlobalSection(ExtensibilityGlobals) = postSolution
		SolutionGuid = {C675CCCC-3EA2-4CCE-B9F0-0556151D4711}
	EndGlobalSection
EndGlobal
